
Microsoft Visual Studio Solution File, Format Version 12.00
# Visual Studio Version 16
VisualStudioVersion = 16.0.30503.244
MinimumVisualStudioVersion = 10.0.40219.1
Project("{FAE04EC0-301F-11D3-BF4B-00C04F79EFBC}") = "Ado.NetEmployeePayroll", "Ado.NetEmployeePayroll\Ado.NetEmployeePayroll.csproj", "{C3F86ED1-98F4-42EF-B85B-CA9F6ABAEFD8}"
EndProject
Project("{FAE04EC0-301F-11D3-BF4B-00C04F79EFBC}") = "EmployeePayrollMSTest", "EmployeePayrollMSTest\EmployeePayrollMSTest.csproj", "{ABDF18D8-8318-4051-971E-9BFEC143B47A}"
EndProject
Global
	GlobalSection(SolutionConfigurationPlatforms) = preSolution
		Debug|Any CPU = Debug|Any CPU
		Release|Any CPU = Release|Any CPU
	EndGlobalSection
	GlobalSection(ProjectConfigurationPlatforms) = postSolution
		{C3F86ED1-98F4-42EF-B85B-CA9F6ABAEFD8}.Debug|Any CPU.ActiveCfg = Debug|Any CPU
		{C3F86ED1-98F4-42EF-B85B-CA9F6ABAEFD8}.Debug|Any CPU.Build.0 = Debug|Any CPU
		{C3F86ED1-98F4-42EF-B85B-CA9F6ABAEFD8}.Release|Any CPU.ActiveCfg = Release|Any CPU
		{C3F86ED1-98F4-42EF-B85B-CA9F6ABAEFD8}.Release|Any CPU.Build.0 = Release|Any CPU
		{ABDF18D8-8318-4051-971E-9BFEC143B47A}.Debug|Any CPU.ActiveCfg = Debug|Any CPU
		{ABDF18D8-8318-4051-971E-9BFEC143B47A}.Debug|Any CPU.Build.0 = Debug|Any CPU
		{ABDF18D8-8318-4051-971E-9BFEC143B47A}.Release|Any CPU.ActiveCfg = Release|Any CPU
		{ABDF18D8-8318-4051-971E-9BFEC143B47A}.Release|Any CPU.Build.0 = Release|Any CPU
	EndGlobalSection
	GlobalSection(SolutionProperties) = preSolution
		HideSolutionNode = FALSE
	EndGlobalSection
	GlobalSection(ExtensibilityGlobals) = postSolution
		SolutionGuid = {3CB4A424-A3D2-419B-AB34-F157AA2D9518}
	EndGlobalSection
EndGlobal
